
Microsoft Visual Studio Solution File, Format Version 12.00
# Visual Studio Version 17
VisualStudioVersion = 17.7.34031.279
MinimumVisualStudioVersion = 10.0.40219.1
Project("{FAE04EC0-301F-11D3-BF4B-00C04F79EFBC}") = "LoudnessNormalizer", "LoudnessNormalizer\LoudnessNormalizer.csproj", "{A641EF94-4D86-4CE8-BA05-1E52BA668EE5}"
EndProject
Global
	GlobalSection(SolutionConfigurationPlatforms) = preSolution
		Debug|Any CPU = Debug|Any CPU
		Release|Any CPU = Release|Any CPU
	EndGlobalSection
	GlobalSection(ProjectConfigurationPlatforms) = postSolution
		{A641EF94-4D86-4CE8-BA05-1E52BA668EE5}.Debug|Any CPU.ActiveCfg = Debug|Any CPU
		{A641EF94-4D86-4CE8-BA05-1E52BA668EE5}.Debug|Any CPU.Build.0 = Debug|Any CPU
		{A641EF94-4D86-4CE8-BA05-1E52BA668EE5}.Release|Any CPU.ActiveCfg = Release|Any CPU
		{A641EF94-4D86-4CE8-BA05-1E52BA668EE5}.Release|Any CPU.Build.0 = Release|Any CPU
	EndGlobalSection
	GlobalSection(SolutionProperties) = preSolution
		HideSolutionNode = FALSE
	EndGlobalSection
	GlobalSection(ExtensibilityGlobals) = postSolution
		SolutionGuid = {BD85C261-49AF-452F-8AAD-F78DDDF39190}
	EndGlobalSection
EndGlobal
